// !$*UTF8*$!
{
	archiveVersion = 1;
	classes = {
	};
	objectVersion = 46;
	objects = {

/* Begin PBXBuildFile section */
		9C1572761426185300CF449A /* digidj-jingle.mp3 in Resources */ = {isa = PBXBuildFile; fileRef = 9C1572751426185300CF449A /* digidj-jingle.mp3 */; };
		9C1BB21B14252C3100025237 /* UIKit.framework in Frameworks */ = {isa = PBXBuildFile; fileRef = 9C1BB21A14252C3100025237 /* UIKit.framework */; };
		9C1BB21D14252C3100025237 /* Foundation.framework in Frameworks */ = {isa = PBXBuildFile; fileRef = 9C1BB21C14252C3100025237 /* Foundation.framework */; };
		9C1BB22314252C3100025237 /* InfoPlist.strings in Resources */ = {isa = PBXBuildFile; fileRef = 9C1BB22114252C3100025237 /* InfoPlist.strings */; };
		9C1BB22514252C3100025237 /* main.m in Sources */ = {isa = PBXBuildFile; fileRef = 9C1BB22414252C3100025237 /* main.m */; };
		9C1BB22914252C3100025237 /* AppDelegate.m in Sources */ = {isa = PBXBuildFile; fileRef = 9C1BB22814252C3100025237 /* AppDelegate.m */; };
		9C1BB22C14252C3100025237 /* NavigationController.m in Sources */ = {isa = PBXBuildFile; fileRef = 9C1BB22B14252C3100025237 /* NavigationController.m */; };
		9C1BB23714252C3100025237 /* SenTestingKit.framework in Frameworks */ = {isa = PBXBuildFile; fileRef = 9C1BB23614252C3100025237 /* SenTestingKit.framework */; };
		9C1BB23814252C3100025237 /* UIKit.framework in Frameworks */ = {isa = PBXBuildFile; fileRef = 9C1BB21A14252C3100025237 /* UIKit.framework */; };
		9C1BB23914252C3100025237 /* Foundation.framework in Frameworks */ = {isa = PBXBuildFile; fileRef = 9C1BB21C14252C3100025237 /* Foundation.framework */; };
		9C1BB24114252C3100025237 /* InfoPlist.strings in Resources */ = {isa = PBXBuildFile; fileRef = 9C1BB23F14252C3100025237 /* InfoPlist.strings */; };
		9C1BB24414252C3100025237 /* DigiDJTests.m in Sources */ = {isa = PBXBuildFile; fileRef = 9C1BB24314252C3100025237 /* DigiDJTests.m */; };
		9C1BB2531425331800025237 /* LoginViewController.m in Sources */ = {isa = PBXBuildFile; fileRef = 9C1BB2521425331800025237 /* LoginViewController.m */; };
		9C1BB25A14253A6E00025237 /* VenueDJTableViewController.m in Sources */ = {isa = PBXBuildFile; fileRef = 9C1BB25914253A6E00025237 /* VenueDJTableViewController.m */; };
		9C1BB25D14254F1B00025237 /* PlaylistViewController.m in Sources */ = {isa = PBXBuildFile; fileRef = 9C1BB25C14254F1B00025237 /* PlaylistViewController.m */; };
		9C6698011425FE5E008DFE73 /* SendSongRequest.m in Sources */ = {isa = PBXBuildFile; fileRef = 9C6698001425FE5E008DFE73 /* SendSongRequest.m */; };
		9C66980414260DF1008DFE73 /* DigiDjDesignViewController.m in Sources */ = {isa = PBXBuildFile; fileRef = 9C66980214260DF1008DFE73 /* DigiDjDesignViewController.m */; };
		9C66980D14260DFD008DFE73 /* background.png in Resources */ = {isa = PBXBuildFile; fileRef = 9C66980614260DFD008DFE73 /* background.png */; };
		9C66980E14260DFD008DFE73 /* background@2x.png in Resources */ = {isa = PBXBuildFile; fileRef = 9C66980714260DFD008DFE73 /* background@2x.png */; };
		9C66980F14260DFD008DFE73 /* homeBackground.png in Resources */ = {isa = PBXBuildFile; fileRef = 9C66980814260DFD008DFE73 /* homeBackground.png */; };
		9C66981014260DFD008DFE73 /* homeBackground@2x.png in Resources */ = {isa = PBXBuildFile; fileRef = 9C66980914260DFD008DFE73 /* homeBackground@2x.png */; };
		9C66981114260DFD008DFE73 /* icon.png in Resources */ = {isa = PBXBuildFile; fileRef = 9C66980A14260DFD008DFE73 /* icon.png */; };
		9C66981214260DFD008DFE73 /* icon@2x.png in Resources */ = {isa = PBXBuildFile; fileRef = 9C66980B14260DFD008DFE73 /* icon@2x.png */; };
		9C66981314260DFD008DFE73 /* swoosh.caf in Resources */ = {isa = PBXBuildFile; fileRef = 9C66980C14260DFD008DFE73 /* swoosh.caf */; };
		9CB1D45C14255E8800CD3DB6 /* FoursquareUserDetailGetter.m in Sources */ = {isa = PBXBuildFile; fileRef = 9CB1D45B14255E8800CD3DB6 /* FoursquareUserDetailGetter.m */; };
		9CBC9500142572AC00E277EA /* NSObject+SBJson.m in Sources */ = {isa = PBXBuildFile; fileRef = 9CBC94E8142572AC00E277EA /* NSObject+SBJson.m */; settings = {COMPILER_FLAGS = "-fno-objc-arc"; }; };
		9CBC9501142572AC00E277EA /* SBJsonParser.m in Sources */ = {isa = PBXBuildFile; fileRef = 9CBC94EB142572AC00E277EA /* SBJsonParser.m */; settings = {COMPILER_FLAGS = "-fno-objc-arc"; }; };
		9CBC9502142572AC00E277EA /* SBJsonStreamParser.m in Sources */ = {isa = PBXBuildFile; fileRef = 9CBC94ED142572AC00E277EA /* SBJsonStreamParser.m */; settings = {COMPILER_FLAGS = "-fno-objc-arc"; }; };
		9CBC9503142572AC00E277EA /* SBJsonStreamParserAccumulator.m in Sources */ = {isa = PBXBuildFile; fileRef = 9CBC94EF142572AC00E277EA /* SBJsonStreamParserAccumulator.m */; settings = {COMPILER_FLAGS = "-fno-objc-arc"; }; };
		9CBC9504142572AC00E277EA /* SBJsonStreamParserAdapter.m in Sources */ = {isa = PBXBuildFile; fileRef = 9CBC94F1142572AC00E277EA /* SBJsonStreamParserAdapter.m */; settings = {COMPILER_FLAGS = "-fno-objc-arc"; }; };
		9CBC9505142572AC00E277EA /* SBJsonStreamParserState.m in Sources */ = {isa = PBXBuildFile; fileRef = 9CBC94F3142572AC00E277EA /* SBJsonStreamParserState.m */; settings = {COMPILER_FLAGS = "-fno-objc-arc"; }; };
		9CBC9506142572AC00E277EA /* SBJsonStreamWriter.m in Sources */ = {isa = PBXBuildFile; fileRef = 9CBC94F5142572AC00E277EA /* SBJsonStreamWriter.m */; settings = {COMPILER_FLAGS = "-fno-objc-arc"; }; };
		9CBC9507142572AC00E277EA /* SBJsonStreamWriterAccumulator.m in Sources */ = {isa = PBXBuildFile; fileRef = 9CBC94F7142572AC00E277EA /* SBJsonStreamWriterAccumulator.m */; settings = {COMPILER_FLAGS = "-fno-objc-arc"; }; };
		9CBC9508142572AC00E277EA /* SBJsonStreamWriterState.m in Sources */ = {isa = PBXBuildFile; fileRef = 9CBC94F9142572AC00E277EA /* SBJsonStreamWriterState.m */; settings = {COMPILER_FLAGS = "-fno-objc-arc"; }; };
		9CBC9509142572AC00E277EA /* SBJsonTokeniser.m in Sources */ = {isa = PBXBuildFile; fileRef = 9CBC94FB142572AC00E277EA /* SBJsonTokeniser.m */; settings = {COMPILER_FLAGS = "-fno-objc-arc"; }; };
		9CBC950A142572AC00E277EA /* SBJsonUTF8Stream.m in Sources */ = {isa = PBXBuildFile; fileRef = 9CBC94FD142572AC00E277EA /* SBJsonUTF8Stream.m */; settings = {COMPILER_FLAGS = "-fno-objc-arc"; }; };
		9CBC950B142572AC00E277EA /* SBJsonWriter.m in Sources */ = {isa = PBXBuildFile; fileRef = 9CBC94FF142572AC00E277EA /* SBJsonWriter.m */; settings = {COMPILER_FLAGS = "-fno-objc-arc"; }; };
		9CBC950F1425797300E277EA /* HelperFunctions.m in Sources */ = {isa = PBXBuildFile; fileRef = 9CBC950E1425797300E277EA /* HelperFunctions.m */; };
		9CBC952414257C1700E277EA /* libVenmo.a in Frameworks */ = {isa = PBXBuildFile; fileRef = 9CBC951D14257B5200E277EA /* libVenmo.a */; };
		9CBC952B1425A8E200E277EA /* VenuesGetter.m in Sources */ = {isa = PBXBuildFile; fileRef = 9CBC952A1425A8E200E277EA /* VenuesGetter.m */; };
		9CBC952E1425B69B00E277EA /* Venue.m in Sources */ = {isa = PBXBuildFile; fileRef = 9CBC952D1425B69B00E277EA /* Venue.m */; };
		9CBC95311425B93400E277EA /* SpotifySearchViewController.m in Sources */ = {isa = PBXBuildFile; fileRef = 9CBC952F1425B93400E277EA /* SpotifySearchViewController.m */; };
		9CBC95341425BA1900E277EA /* SpotifyAPIWrapper.m in Sources */ = {isa = PBXBuildFile; fileRef = 9CBC95321425BA1800E277EA /* SpotifyAPIWrapper.m */; };
		9CBC95441425C6DD00E277EA /* Song.m in Sources */ = {isa = PBXBuildFile; fileRef = 9CBC95431425C6DD00E277EA /* Song.m */; };
/* End PBXBuildFile section */

/* Begin PBXContainerItemProxy section */
		9C1BB23A14252C3100025237 /* PBXContainerItemProxy */ = {
			isa = PBXContainerItemProxy;
			containerPortal = 9C1BB20D14252C3100025237 /* Project object */;
			proxyType = 1;
			remoteGlobalIDString = 9C1BB21514252C3100025237;
			remoteInfo = DigiDJ;
		};
		9CBC951C14257B5200E277EA /* PBXContainerItemProxy */ = {
			isa = PBXContainerItemProxy;
			containerPortal = 9CBC951114257B5200E277EA /* Venmo.xcodeproj */;
			proxyType = 2;
			remoteGlobalIDString = C9BD6C6A13EEE06400F4D8F4;
			remoteInfo = Venmo;
		};
		9CBC951E14257B5200E277EA /* PBXContainerItemProxy */ = {
			isa = PBXContainerItemProxy;
			containerPortal = 9CBC951114257B5200E277EA /* Venmo.xcodeproj */;
			proxyType = 2;
			remoteGlobalIDString = C9550E7613F5C48900212008;
			remoteInfo = VenmoApp;
		};
		9CBC952014257B5200E277EA /* PBXContainerItemProxy */ = {
			isa = PBXContainerItemProxy;
			containerPortal = 9CBC951114257B5200E277EA /* Venmo.xcodeproj */;
			proxyType = 2;
			remoteGlobalIDString = C9BD6C7A13EEE06400F4D8F4;
			remoteInfo = VenmoSpecs;
		};
		9CBC952214257C0700E277EA /* PBXContainerItemProxy */ = {
			isa = PBXContainerItemProxy;
			containerPortal = 9CBC951114257B5200E277EA /* Venmo.xcodeproj */;
			proxyType = 1;
			remoteGlobalIDString = C9BD6C6913EEE06400F4D8F4;
			remoteInfo = Venmo;
		};
/* End PBXContainerItemProxy section */

/* Begin PBXFileReference section */
		9C1572751426185300CF449A /* digidj-jingle.mp3 */ = {isa = PBXFileReference; lastKnownFileType = audio.mp3; path = "digidj-jingle.mp3"; sourceTree = "<group>"; };
		9C1BB21614252C3100025237 /* DigiDJ.app */ = {isa = PBXFileReference; explicitFileType = wrapper.application; includeInIndex = 0; path = DigiDJ.app; sourceTree = BUILT_PRODUCTS_DIR; };
		9C1BB21A14252C3100025237 /* UIKit.framework */ = {isa = PBXFileReference; lastKnownFileType = wrapper.framework; name = UIKit.framework; path = System/Library/Frameworks/UIKit.framework; sourceTree = SDKROOT; };
		9C1BB21C14252C3100025237 /* Foundation.framework */ = {isa = PBXFileReference; lastKnownFileType = wrapper.framework; name = Foundation.framework; path = System/Library/Frameworks/Foundation.framework; sourceTree = SDKROOT; };
		9C1BB22014252C3100025237 /* DigiDJ-Info.plist */ = {isa = PBXFileReference; lastKnownFileType = text.plist.xml; path = "DigiDJ-Info.plist"; sourceTree = "<group>"; };
		9C1BB22214252C3100025237 /* en */ = {isa = PBXFileReference; lastKnownFileType = text.plist.strings; name = en; path = en.lproj/InfoPlist.strings; sourceTree = "<group>"; };
		9C1BB22414252C3100025237 /* main.m */ = {isa = PBXFileReference; lastKnownFileType = sourcecode.c.objc; path = main.m; sourceTree = "<group>"; };
		9C1BB22614252C3100025237 /* DigiDJ-Prefix.pch */ = {isa = PBXFileReference; lastKnownFileType = sourcecode.c.h; path = "DigiDJ-Prefix.pch"; sourceTree = "<group>"; };
		9C1BB22714252C3100025237 /* AppDelegate.h */ = {isa = PBXFileReference; lastKnownFileType = sourcecode.c.h; path = AppDelegate.h; sourceTree = "<group>"; };
		9C1BB22814252C3100025237 /* AppDelegate.m */ = {isa = PBXFileReference; lastKnownFileType = sourcecode.c.objc; path = AppDelegate.m; sourceTree = "<group>"; };
		9C1BB22A14252C3100025237 /* NavigationController.h */ = {isa = PBXFileReference; lastKnownFileType = sourcecode.c.h; path = NavigationController.h; sourceTree = "<group>"; };
		9C1BB22B14252C3100025237 /* NavigationController.m */ = {isa = PBXFileReference; lastKnownFileType = sourcecode.c.objc; path = NavigationController.m; sourceTree = "<group>"; };
		9C1BB23514252C3100025237 /* DigiDJTests.octest */ = {isa = PBXFileReference; explicitFileType = wrapper.cfbundle; includeInIndex = 0; path = DigiDJTests.octest; sourceTree = BUILT_PRODUCTS_DIR; };
		9C1BB23614252C3100025237 /* SenTestingKit.framework */ = {isa = PBXFileReference; lastKnownFileType = wrapper.framework; name = SenTestingKit.framework; path = Library/Frameworks/SenTestingKit.framework; sourceTree = DEVELOPER_DIR; };
		9C1BB23E14252C3100025237 /* DigiDJTests-Info.plist */ = {isa = PBXFileReference; lastKnownFileType = text.plist.xml; path = "DigiDJTests-Info.plist"; sourceTree = "<group>"; };
		9C1BB24014252C3100025237 /* en */ = {isa = PBXFileReference; lastKnownFileType = text.plist.strings; name = en; path = en.lproj/InfoPlist.strings; sourceTree = "<group>"; };
		9C1BB24214252C3100025237 /* DigiDJTests.h */ = {isa = PBXFileReference; lastKnownFileType = sourcecode.c.h; path = DigiDJTests.h; sourceTree = "<group>"; };
		9C1BB24314252C3100025237 /* DigiDJTests.m */ = {isa = PBXFileReference; lastKnownFileType = sourcecode.c.objc; path = DigiDJTests.m; sourceTree = "<group>"; };
		9C1BB2511425331800025237 /* LoginViewController.h */ = {isa = PBXFileReference; fileEncoding = 4; lastKnownFileType = sourcecode.c.h; path = LoginViewController.h; sourceTree = "<group>"; };
		9C1BB2521425331800025237 /* LoginViewController.m */ = {isa = PBXFileReference; fileEncoding = 4; lastKnownFileType = sourcecode.c.objc; path = LoginViewController.m; sourceTree = "<group>"; };
		9C1BB2541425333F00025237 /* AppConstants.h */ = {isa = PBXFileReference; fileEncoding = 4; lastKnownFileType = sourcecode.c.h; path = AppConstants.h; sourceTree = "<group>"; };
		9C1BB25814253A6E00025237 /* VenueDJTableViewController.h */ = {isa = PBXFileReference; fileEncoding = 4; lastKnownFileType = sourcecode.c.h; path = VenueDJTableViewController.h; sourceTree = "<group>"; };
		9C1BB25914253A6E00025237 /* VenueDJTableViewController.m */ = {isa = PBXFileReference; fileEncoding = 4; lastKnownFileType = sourcecode.c.objc; path = VenueDJTableViewController.m; sourceTree = "<group>"; };
		9C1BB25B14254F1B00025237 /* PlaylistViewController.h */ = {isa = PBXFileReference; fileEncoding = 4; lastKnownFileType = sourcecode.c.h; path = PlaylistViewController.h; sourceTree = "<group>"; };
		9C1BB25C14254F1B00025237 /* PlaylistViewController.m */ = {isa = PBXFileReference; fileEncoding = 4; lastKnownFileType = sourcecode.c.objc; path = PlaylistViewController.m; sourceTree = "<group>"; };
		9C6697FF1425FE5E008DFE73 /* SendSongRequest.h */ = {isa = PBXFileReference; fileEncoding = 4; lastKnownFileType = sourcecode.c.h; path = SendSongRequest.h; sourceTree = "<group>"; };
		9C6698001425FE5E008DFE73 /* SendSongRequest.m */ = {isa = PBXFileReference; fileEncoding = 4; lastKnownFileType = sourcecode.c.objc; path = SendSongRequest.m; sourceTree = "<group>"; };
		9C66980214260DF1008DFE73 /* DigiDjDesignViewController.m */ = {isa = PBXFileReference; fileEncoding = 4; lastKnownFileType = sourcecode.c.objc; path = DigiDjDesignViewController.m; sourceTree = "<group>"; };
		9C66980314260DF1008DFE73 /* DigiDjDesignViewController.h */ = {isa = PBXFileReference; fileEncoding = 4; lastKnownFileType = sourcecode.c.h; path = DigiDjDesignViewController.h; sourceTree = "<group>"; };
		9C66980614260DFD008DFE73 /* background.png */ = {isa = PBXFileReference; lastKnownFileType = image.png; path = background.png; sourceTree = "<group>"; };
		9C66980714260DFD008DFE73 /* background@2x.png */ = {isa = PBXFileReference; lastKnownFileType = image.png; path = "background@2x.png"; sourceTree = "<group>"; };
		9C66980814260DFD008DFE73 /* homeBackground.png */ = {isa = PBXFileReference; lastKnownFileType = image.png; path = homeBackground.png; sourceTree = "<group>"; };
		9C66980914260DFD008DFE73 /* homeBackground@2x.png */ = {isa = PBXFileReference; lastKnownFileType = image.png; path = "homeBackground@2x.png"; sourceTree = "<group>"; };
		9C66980A14260DFD008DFE73 /* icon.png */ = {isa = PBXFileReference; lastKnownFileType = image.png; path = icon.png; sourceTree = "<group>"; };
		9C66980B14260DFD008DFE73 /* icon@2x.png */ = {isa = PBXFileReference; lastKnownFileType = image.png; path = "icon@2x.png"; sourceTree = "<group>"; };
		9C66980C14260DFD008DFE73 /* swoosh.caf */ = {isa = PBXFileReference; lastKnownFileType = file; path = swoosh.caf; sourceTree = "<group>"; };
		9CB1D45A14255E8800CD3DB6 /* FoursquareUserDetailGetter.h */ = {isa = PBXFileReference; fileEncoding = 4; lastKnownFileType = sourcecode.c.h; path = FoursquareUserDetailGetter.h; sourceTree = "<group>"; };
		9CB1D45B14255E8800CD3DB6 /* FoursquareUserDetailGetter.m */ = {isa = PBXFileReference; fileEncoding = 4; lastKnownFileType = sourcecode.c.objc; path = FoursquareUserDetailGetter.m; sourceTree = "<group>"; };
		9CBC94E7142572AC00E277EA /* NSObject+SBJson.h */ = {isa = PBXFileReference; fileEncoding = 4; lastKnownFileType = sourcecode.c.h; path = "NSObject+SBJson.h"; sourceTree = "<group>"; };
		9CBC94E8142572AC00E277EA /* NSObject+SBJson.m */ = {isa = PBXFileReference; fileEncoding = 4; lastKnownFileType = sourcecode.c.objc; path = "NSObject+SBJson.m"; sourceTree = "<group>"; };
		9CBC94E9142572AC00E277EA /* SBJson.h */ = {isa = PBXFileReference; fileEncoding = 4; lastKnownFileType = sourcecode.c.h; path = SBJson.h; sourceTree = "<group>"; };
		9CBC94EA142572AC00E277EA /* SBJsonParser.h */ = {isa = PBXFileReference; fileEncoding = 4; lastKnownFileType = sourcecode.c.h; path = SBJsonParser.h; sourceTree = "<group>"; };
		9CBC94EB142572AC00E277EA /* SBJsonParser.m */ = {isa = PBXFileReference; fileEncoding = 4; lastKnownFileType = sourcecode.c.objc; path = SBJsonParser.m; sourceTree = "<group>"; };
		9CBC94EC142572AC00E277EA /* SBJsonStreamParser.h */ = {isa = PBXFileReference; fileEncoding = 4; lastKnownFileType = sourcecode.c.h; path = SBJsonStreamParser.h; sourceTree = "<group>"; };
		9CBC94ED142572AC00E277EA /* SBJsonStreamParser.m */ = {isa = PBXFileReference; fileEncoding = 4; lastKnownFileType = sourcecode.c.objc; path = SBJsonStreamParser.m; sourceTree = "<group>"; };
		9CBC94EE142572AC00E277EA /* SBJsonStreamParserAccumulator.h */ = {isa = PBXFileReference; fileEncoding = 4; lastKnownFileType = sourcecode.c.h; path = SBJsonStreamParserAccumulator.h; sourceTree = "<group>"; };
		9CBC94EF142572AC00E277EA /* SBJsonStreamParserAccumulator.m */ = {isa = PBXFileReference; fileEncoding = 4; lastKnownFileType = sourcecode.c.objc; path = SBJsonStreamParserAccumulator.m; sourceTree = "<group>"; };
		9CBC94F0142572AC00E277EA /* SBJsonStreamParserAdapter.h */ = {isa = PBXFileReference; fileEncoding = 4; lastKnownFileType = sourcecode.c.h; path = SBJsonStreamParserAdapter.h; sourceTree = "<group>"; };
		9CBC94F1142572AC00E277EA /* SBJsonStreamParserAdapter.m */ = {isa = PBXFileReference; fileEncoding = 4; lastKnownFileType = sourcecode.c.objc; path = SBJsonStreamParserAdapter.m; sourceTree = "<group>"; };
		9CBC94F2142572AC00E277EA /* SBJsonStreamParserState.h */ = {isa = PBXFileReference; fileEncoding = 4; lastKnownFileType = sourcecode.c.h; path = SBJsonStreamParserState.h; sourceTree = "<group>"; };
		9CBC94F3142572AC00E277EA /* SBJsonStreamParserState.m */ = {isa = PBXFileReference; fileEncoding = 4; lastKnownFileType = sourcecode.c.objc; path = SBJsonStreamParserState.m; sourceTree = "<group>"; };
		9CBC94F4142572AC00E277EA /* SBJsonStreamWriter.h */ = {isa = PBXFileReference; fileEncoding = 4; lastKnownFileType = sourcecode.c.h; path = SBJsonStreamWriter.h; sourceTree = "<group>"; };
		9CBC94F5142572AC00E277EA /* SBJsonStreamWriter.m */ = {isa = PBXFileReference; fileEncoding = 4; lastKnownFileType = sourcecode.c.objc; path = SBJsonStreamWriter.m; sourceTree = "<group>"; };
		9CBC94F6142572AC00E277EA /* SBJsonStreamWriterAccumulator.h */ = {isa = PBXFileReference; fileEncoding = 4; lastKnownFileType = sourcecode.c.h; path = SBJsonStreamWriterAccumulator.h; sourceTree = "<group>"; };
		9CBC94F7142572AC00E277EA /* SBJsonStreamWriterAccumulator.m */ = {isa = PBXFileReference; fileEncoding = 4; lastKnownFileType = sourcecode.c.objc; path = SBJsonStreamWriterAccumulator.m; sourceTree = "<group>"; };
		9CBC94F8142572AC00E277EA /* SBJsonStreamWriterState.h */ = {isa = PBXFileReference; fileEncoding = 4; lastKnownFileType = sourcecode.c.h; path = SBJsonStreamWriterState.h; sourceTree = "<group>"; };
		9CBC94F9142572AC00E277EA /* SBJsonStreamWriterState.m */ = {isa = PBXFileReference; fileEncoding = 4; lastKnownFileType = sourcecode.c.objc; path = SBJsonStreamWriterState.m; sourceTree = "<group>"; };
		9CBC94FA142572AC00E277EA /* SBJsonTokeniser.h */ = {isa = PBXFileReference; fileEncoding = 4; lastKnownFileType = sourcecode.c.h; path = SBJsonTokeniser.h; sourceTree = "<group>"; };
		9CBC94FB142572AC00E277EA /* SBJsonTokeniser.m */ = {isa = PBXFileReference; fileEncoding = 4; lastKnownFileType = sourcecode.c.objc; path = SBJsonTokeniser.m; sourceTree = "<group>"; };
		9CBC94FC142572AC00E277EA /* SBJsonUTF8Stream.h */ = {isa = PBXFileReference; fileEncoding = 4; lastKnownFileType = sourcecode.c.h; path = SBJsonUTF8Stream.h; sourceTree = "<group>"; };
		9CBC94FD142572AC00E277EA /* SBJsonUTF8Stream.m */ = {isa = PBXFileReference; fileEncoding = 4; lastKnownFileType = sourcecode.c.objc; path = SBJsonUTF8Stream.m; sourceTree = "<group>"; };
		9CBC94FE142572AC00E277EA /* SBJsonWriter.h */ = {isa = PBXFileReference; fileEncoding = 4; lastKnownFileType = sourcecode.c.h; path = SBJsonWriter.h; sourceTree = "<group>"; };
		9CBC94FF142572AC00E277EA /* SBJsonWriter.m */ = {isa = PBXFileReference; fileEncoding = 4; lastKnownFileType = sourcecode.c.objc; path = SBJsonWriter.m; sourceTree = "<group>"; };
		9CBC950D1425797300E277EA /* HelperFunctions.h */ = {isa = PBXFileReference; fileEncoding = 4; lastKnownFileType = sourcecode.c.h; path = HelperFunctions.h; sourceTree = "<group>"; };
		9CBC950E1425797300E277EA /* HelperFunctions.m */ = {isa = PBXFileReference; fileEncoding = 4; lastKnownFileType = sourcecode.c.objc; path = HelperFunctions.m; sourceTree = "<group>"; };
		9CBC951114257B5200E277EA /* Venmo.xcodeproj */ = {isa = PBXFileReference; lastKnownFileType = "wrapper.pb-project"; name = Venmo.xcodeproj; path = Libraries/Venmo/Venmo.xcodeproj; sourceTree = "<group>"; };
		9CBC95291425A8E200E277EA /* VenuesGetter.h */ = {isa = PBXFileReference; fileEncoding = 4; lastKnownFileType = sourcecode.c.h; path = VenuesGetter.h; sourceTree = "<group>"; };
		9CBC952A1425A8E200E277EA /* VenuesGetter.m */ = {isa = PBXFileReference; fileEncoding = 4; lastKnownFileType = sourcecode.c.objc; path = VenuesGetter.m; sourceTree = "<group>"; };
		9CBC952C1425B69B00E277EA /* Venue.h */ = {isa = PBXFileReference; fileEncoding = 4; lastKnownFileType = sourcecode.c.h; path = Venue.h; sourceTree = "<group>"; };
		9CBC952D1425B69B00E277EA /* Venue.m */ = {isa = PBXFileReference; fileEncoding = 4; lastKnownFileType = sourcecode.c.objc; path = Venue.m; sourceTree = "<group>"; };
		9CBC952F1425B93400E277EA /* SpotifySearchViewController.m */ = {isa = PBXFileReference; fileEncoding = 4; lastKnownFileType = sourcecode.c.objc; path = SpotifySearchViewController.m; sourceTree = "<group>"; };
		9CBC95301425B93400E277EA /* SpotifySearchViewController.h */ = {isa = PBXFileReference; fileEncoding = 4; lastKnownFileType = sourcecode.c.h; path = SpotifySearchViewController.h; sourceTree = "<group>"; };
		9CBC95321425BA1800E277EA /* SpotifyAPIWrapper.m */ = {isa = PBXFileReference; fileEncoding = 4; lastKnownFileType = sourcecode.c.objc; path = SpotifyAPIWrapper.m; sourceTree = "<group>"; };
		9CBC95331425BA1800E277EA /* SpotifyAPIWrapper.h */ = {isa = PBXFileReference; fileEncoding = 4; lastKnownFileType = sourcecode.c.h; path = SpotifyAPIWrapper.h; sourceTree = "<group>"; };
		9CBC95421425C6DD00E277EA /* Song.h */ = {isa = PBXFileReference; fileEncoding = 4; lastKnownFileType = sourcecode.c.h; path = Song.h; sourceTree = "<group>"; };
		9CBC95431425C6DD00E277EA /* Song.m */ = {isa = PBXFileReference; fileEncoding = 4; lastKnownFileType = sourcecode.c.objc; path = Song.m; sourceTree = "<group>"; };
/* End PBXFileReference section */

/* Begin PBXFrameworksBuildPhase section */
		9C1BB21314252C3100025237 /* Frameworks */ = {
			isa = PBXFrameworksBuildPhase;
			buildActionMask = 2147483647;
			files = (
				9C1BB21B14252C3100025237 /* UIKit.framework in Frameworks */,
				9C1BB21D14252C3100025237 /* Foundation.framework in Frameworks */,
				9CBC952414257C1700E277EA /* libVenmo.a in Frameworks */,
			);
			runOnlyForDeploymentPostprocessing = 0;
		};
		9C1BB23114252C3100025237 /* Frameworks */ = {
			isa = PBXFrameworksBuildPhase;
			buildActionMask = 2147483647;
			files = (
				9C1BB23714252C3100025237 /* SenTestingKit.framework in Frameworks */,
				9C1BB23814252C3100025237 /* UIKit.framework in Frameworks */,
				9C1BB23914252C3100025237 /* Foundation.framework in Frameworks */,
			);
			runOnlyForDeploymentPostprocessing = 0;
		};
/* End PBXFrameworksBuildPhase section */

/* Begin PBXGroup section */
		9C1BB20B14252C3100025237 = {
			isa = PBXGroup;
			children = (
				9C1BB21E14252C3100025237 /* DigiDJ */,
				9CBC94E6142572AC00E277EA /* SBJson_Classes */,
				9CBC951014257B3400E277EA /* Libraries */,
				9C1BB23C14252C3100025237 /* DigiDJTests */,
				9C1BB21914252C3100025237 /* Frameworks */,
				9C1BB21714252C3100025237 /* Products */,
			);
			sourceTree = "<group>";
		};
		9C1BB21714252C3100025237 /* Products */ = {
			isa = PBXGroup;
			children = (
				9C1BB21614252C3100025237 /* DigiDJ.app */,
				9C1BB23514252C3100025237 /* DigiDJTests.octest */,
			);
			name = Products;
			sourceTree = "<group>";
		};
		9C1BB21914252C3100025237 /* Frameworks */ = {
			isa = PBXGroup;
			children = (
				9C1BB21A14252C3100025237 /* UIKit.framework */,
				9C1BB21C14252C3100025237 /* Foundation.framework */,
				9C1BB23614252C3100025237 /* SenTestingKit.framework */,
			);
			name = Frameworks;
			sourceTree = "<group>";
		};
		9C1BB21E14252C3100025237 /* DigiDJ */ = {
			isa = PBXGroup;
			children = (
				9C66980514260DFD008DFE73 /* Resources */,
				9C1BB22714252C3100025237 /* AppDelegate.h */,
				9C1BB22814252C3100025237 /* AppDelegate.m */,
				9C1BB25014252C5800025237 /* Controllers */,
				9C1BB24D14252C4B00025237 /* Models */,
				9C1BB24F14252C5700025237 /* Views */,
				9C1BB21F14252C3100025237 /* Supporting Files */,
			);
			path = DigiDJ;
			sourceTree = "<group>";
		};
		9C1BB21F14252C3100025237 /* Supporting Files */ = {
			isa = PBXGroup;
			children = (
				9C1BB22014252C3100025237 /* DigiDJ-Info.plist */,
				9C1BB22114252C3100025237 /* InfoPlist.strings */,
				9C1BB22414252C3100025237 /* main.m */,
				9C1BB22614252C3100025237 /* DigiDJ-Prefix.pch */,
				9CBC950D1425797300E277EA /* HelperFunctions.h */,
				9CBC950E1425797300E277EA /* HelperFunctions.m */,
				9C1BB2541425333F00025237 /* AppConstants.h */,
			);
			name = "Supporting Files";
			sourceTree = "<group>";
		};
		9C1BB23C14252C3100025237 /* DigiDJTests */ = {
			isa = PBXGroup;
			children = (
				9C1BB24214252C3100025237 /* DigiDJTests.h */,
				9C1BB24314252C3100025237 /* DigiDJTests.m */,
				9C1BB23D14252C3100025237 /* Supporting Files */,
			);
			path = DigiDJTests;
			sourceTree = "<group>";
		};
		9C1BB23D14252C3100025237 /* Supporting Files */ = {
			isa = PBXGroup;
			children = (
				9C1BB23E14252C3100025237 /* DigiDJTests-Info.plist */,
				9C1BB23F14252C3100025237 /* InfoPlist.strings */,
			);
			name = "Supporting Files";
			sourceTree = "<group>";
		};
		9C1BB24D14252C4B00025237 /* Models */ = {
			isa = PBXGroup;
			children = (
				9CBC952C1425B69B00E277EA /* Venue.h */,
				9CBC952D1425B69B00E277EA /* Venue.m */,
				9CBC95421425C6DD00E277EA /* Song.h */,
				9CBC95431425C6DD00E277EA /* Song.m */,
				9CB1D45A14255E8800CD3DB6 /* FoursquareUserDetailGetter.h */,
				9CB1D45B14255E8800CD3DB6 /* FoursquareUserDetailGetter.m */,
				9CBC95291425A8E200E277EA /* VenuesGetter.h */,
				9CBC952A1425A8E200E277EA /* VenuesGetter.m */,
				9CBC95331425BA1800E277EA /* SpotifyAPIWrapper.h */,
				9CBC95321425BA1800E277EA /* SpotifyAPIWrapper.m */,
				9C6697FF1425FE5E008DFE73 /* SendSongRequest.h */,
				9C6698001425FE5E008DFE73 /* SendSongRequest.m */,
			);
			name = Models;
			sourceTree = "<group>";
		};
		9C1BB24F14252C5700025237 /* Views */ = {
			isa = PBXGroup;
			children = (
			);
			name = Views;
			sourceTree = "<group>";
		};
		9C1BB25014252C5800025237 /* Controllers */ = {
			isa = PBXGroup;
			children = (
				9C66980314260DF1008DFE73 /* DigiDjDesignViewController.h */,
				9C66980214260DF1008DFE73 /* DigiDjDesignViewController.m */,
				9C1BB22A14252C3100025237 /* NavigationController.h */,
				9C1BB22B14252C3100025237 /* NavigationController.m */,
				9C1BB2511425331800025237 /* LoginViewController.h */,
				9C1BB2521425331800025237 /* LoginViewController.m */,
				9C1BB25814253A6E00025237 /* VenueDJTableViewController.h */,
				9C1BB25914253A6E00025237 /* VenueDJTableViewController.m */,
				9C1BB25B14254F1B00025237 /* PlaylistViewController.h */,
				9C1BB25C14254F1B00025237 /* PlaylistViewController.m */,
				9CBC95301425B93400E277EA /* SpotifySearchViewController.h */,
				9CBC952F1425B93400E277EA /* SpotifySearchViewController.m */,
			);
			name = Controllers;
			sourceTree = "<group>";
		};
		9C66980514260DFD008DFE73 /* Resources */ = {
			isa = PBXGroup;
			children = (
				9C1572751426185300CF449A /* digidj-jingle.mp3 */,
				9C66980614260DFD008DFE73 /* background.png */,
				9C66980714260DFD008DFE73 /* background@2x.png */,
				9C66980814260DFD008DFE73 /* homeBackground.png */,
				9C66980914260DFD008DFE73 /* homeBackground@2x.png */,
				9C66980A14260DFD008DFE73 /* icon.png */,
				9C66980B14260DFD008DFE73 /* icon@2x.png */,
				9C66980C14260DFD008DFE73 /* swoosh.caf */,
			);
			path = Resources;
			sourceTree = "<group>";
		};
		9CBC94E6142572AC00E277EA /* SBJson_Classes */ = {
			isa = PBXGroup;
			children = (
				9CBC94E7142572AC00E277EA /* NSObject+SBJson.h */,
				9CBC94E8142572AC00E277EA /* NSObject+SBJson.m */,
				9CBC94E9142572AC00E277EA /* SBJson.h */,
				9CBC94EA142572AC00E277EA /* SBJsonParser.h */,
				9CBC94EB142572AC00E277EA /* SBJsonParser.m */,
				9CBC94EC142572AC00E277EA /* SBJsonStreamParser.h */,
				9CBC94ED142572AC00E277EA /* SBJsonStreamParser.m */,
				9CBC94EE142572AC00E277EA /* SBJsonStreamParserAccumulator.h */,
				9CBC94EF142572AC00E277EA /* SBJsonStreamParserAccumulator.m */,
				9CBC94F0142572AC00E277EA /* SBJsonStreamParserAdapter.h */,
				9CBC94F1142572AC00E277EA /* SBJsonStreamParserAdapter.m */,
				9CBC94F2142572AC00E277EA /* SBJsonStreamParserState.h */,
				9CBC94F3142572AC00E277EA /* SBJsonStreamParserState.m */,
				9CBC94F4142572AC00E277EA /* SBJsonStreamWriter.h */,
				9CBC94F5142572AC00E277EA /* SBJsonStreamWriter.m */,
				9CBC94F6142572AC00E277EA /* SBJsonStreamWriterAccumulator.h */,
				9CBC94F7142572AC00E277EA /* SBJsonStreamWriterAccumulator.m */,
				9CBC94F8142572AC00E277EA /* SBJsonStreamWriterState.h */,
				9CBC94F9142572AC00E277EA /* SBJsonStreamWriterState.m */,
				9CBC94FA142572AC00E277EA /* SBJsonTokeniser.h */,
				9CBC94FB142572AC00E277EA /* SBJsonTokeniser.m */,
				9CBC94FC142572AC00E277EA /* SBJsonUTF8Stream.h */,
				9CBC94FD142572AC00E277EA /* SBJsonUTF8Stream.m */,
				9CBC94FE142572AC00E277EA /* SBJsonWriter.h */,
				9CBC94FF142572AC00E277EA /* SBJsonWriter.m */,
			);
			path = SBJson_Classes;
			sourceTree = "<group>";
		};
		9CBC951014257B3400E277EA /* Libraries */ = {
			isa = PBXGroup;
			children = (
				9CBC951114257B5200E277EA /* Venmo.xcodeproj */,
			);
			name = Libraries;
			sourceTree = "<group>";
		};
		9CBC951214257B5200E277EA /* Products */ = {
			isa = PBXGroup;
			children = (
				9CBC951D14257B5200E277EA /* libVenmo.a */,
				9CBC951F14257B5200E277EA /* VenmoApp.app */,
				9CBC952114257B5200E277EA /* VenmoSpecs.octest */,
			);
			name = Products;
			sourceTree = "<group>";
		};
/* End PBXGroup section */

/* Begin PBXNativeTarget section */
		9C1BB21514252C3100025237 /* DigiDJ */ = {
			isa = PBXNativeTarget;
			buildConfigurationList = 9C1BB24714252C3100025237 /* Build configuration list for PBXNativeTarget "DigiDJ" */;
			buildPhases = (
				9C1BB21214252C3100025237 /* Sources */,
				9C1BB21314252C3100025237 /* Frameworks */,
				9C1BB21414252C3100025237 /* Resources */,
			);
			buildRules = (
			);
			dependencies = (
				9CBC952314257C0700E277EA /* PBXTargetDependency */,
			);
			name = DigiDJ;
			productName = DigiDJ;
			productReference = 9C1BB21614252C3100025237 /* DigiDJ.app */;
			productType = "com.apple.product-type.application";
		};
		9C1BB23414252C3100025237 /* DigiDJTests */ = {
			isa = PBXNativeTarget;
			buildConfigurationList = 9C1BB24A14252C3100025237 /* Build configuration list for PBXNativeTarget "DigiDJTests" */;
			buildPhases = (
				9C1BB23014252C3100025237 /* Sources */,
				9C1BB23114252C3100025237 /* Frameworks */,
				9C1BB23214252C3100025237 /* Resources */,
				9C1BB23314252C3100025237 /* ShellScript */,
			);
			buildRules = (
			);
			dependencies = (
				9C1BB23B14252C3100025237 /* PBXTargetDependency */,
			);
			name = DigiDJTests;
			productName = DigiDJTests;
			productReference = 9C1BB23514252C3100025237 /* DigiDJTests.octest */;
			productType = "com.apple.product-type.bundle";
		};
/* End PBXNativeTarget section */

/* Begin PBXProject section */
		9C1BB20D14252C3100025237 /* Project object */ = {
			isa = PBXProject;
			attributes = {
				LastUpgradeCheck = 0420;
			};
			buildConfigurationList = 9C1BB21014252C3100025237 /* Build configuration list for PBXProject "DigiDJ" */;
			compatibilityVersion = "Xcode 3.2";
			developmentRegion = English;
			hasScannedForEncodings = 0;
			knownRegions = (
				en,
			);
			mainGroup = 9C1BB20B14252C3100025237;
			productRefGroup = 9C1BB21714252C3100025237 /* Products */;
			projectDirPath = "";
			projectReferences = (
				{
					ProductGroup = 9CBC951214257B5200E277EA /* Products */;
					ProjectRef = 9CBC951114257B5200E277EA /* Venmo.xcodeproj */;
				},
			);
			projectRoot = "";
			targets = (
				9C1BB21514252C3100025237 /* DigiDJ */,
				9C1BB23414252C3100025237 /* DigiDJTests */,
			);
		};
/* End PBXProject section */

/* Begin PBXReferenceProxy section */
		9CBC951D14257B5200E277EA /* libVenmo.a */ = {
			isa = PBXReferenceProxy;
			fileType = archive.ar;
			path = libVenmo.a;
			remoteRef = 9CBC951C14257B5200E277EA /* PBXContainerItemProxy */;
			sourceTree = BUILT_PRODUCTS_DIR;
		};
		9CBC951F14257B5200E277EA /* VenmoApp.app */ = {
			isa = PBXReferenceProxy;
			fileType = wrapper.application;
			path = VenmoApp.app;
			remoteRef = 9CBC951E14257B5200E277EA /* PBXContainerItemProxy */;
			sourceTree = BUILT_PRODUCTS_DIR;
		};
		9CBC952114257B5200E277EA /* VenmoSpecs.octest */ = {
			isa = PBXReferenceProxy;
			fileType = wrapper.cfbundle;
			path = VenmoSpecs.octest;
			remoteRef = 9CBC952014257B5200E277EA /* PBXContainerItemProxy */;
			sourceTree = BUILT_PRODUCTS_DIR;
		};
/* End PBXReferenceProxy section */

/* Begin PBXResourcesBuildPhase section */
		9C1BB21414252C3100025237 /* Resources */ = {
			isa = PBXResourcesBuildPhase;
			buildActionMask = 2147483647;
			files = (
				9C1BB22314252C3100025237 /* InfoPlist.strings in Resources */,
				9C66980D14260DFD008DFE73 /* background.png in Resources */,
				9C66980E14260DFD008DFE73 /* background@2x.png in Resources */,
				9C66980F14260DFD008DFE73 /* homeBackground.png in Resources */,
				9C66981014260DFD008DFE73 /* homeBackground@2x.png in Resources */,
				9C66981114260DFD008DFE73 /* icon.png in Resources */,
				9C66981214260DFD008DFE73 /* icon@2x.png in Resources */,
				9C66981314260DFD008DFE73 /* swoosh.caf in Resources */,
				9C1572761426185300CF449A /* digidj-jingle.mp3 in Resources */,
			);
			runOnlyForDeploymentPostprocessing = 0;
		};
		9C1BB23214252C3100025237 /* Resources */ = {
			isa = PBXResourcesBuildPhase;
			buildActionMask = 2147483647;
			files = (
				9C1BB24114252C3100025237 /* InfoPlist.strings in Resources */,
			);
			runOnlyForDeploymentPostprocessing = 0;
		};
/* End PBXResourcesBuildPhase section */

/* Begin PBXShellScriptBuildPhase section */
		9C1BB23314252C3100025237 /* ShellScript */ = {
			isa = PBXShellScriptBuildPhase;
			buildActionMask = 2147483647;
			files = (
			);
			inputPaths = (
			);
			outputPaths = (
			);
			runOnlyForDeploymentPostprocessing = 0;
			shellPath = /bin/sh;
			shellScript = "# Run the unit tests in this test bundle.\n\"${SYSTEM_DEVELOPER_DIR}/Tools/RunUnitTests\"\n";
		};
/* End PBXShellScriptBuildPhase section */

/* Begin PBXSourcesBuildPhase section */
		9C1BB21214252C3100025237 /* Sources */ = {
			isa = PBXSourcesBuildPhase;
			buildActionMask = 2147483647;
			files = (
				9C1BB22514252C3100025237 /* main.m in Sources */,
				9C1BB22914252C3100025237 /* AppDelegate.m in Sources */,
				9C1BB22C14252C3100025237 /* NavigationController.m in Sources */,
				9C1BB2531425331800025237 /* LoginViewController.m in Sources */,
				9C1BB25A14253A6E00025237 /* VenueDJTableViewController.m in Sources */,
				9C1BB25D14254F1B00025237 /* PlaylistViewController.m in Sources */,
				9CB1D45C14255E8800CD3DB6 /* FoursquareUserDetailGetter.m in Sources */,
				9CBC9500142572AC00E277EA /* NSObject+SBJson.m in Sources */,
				9CBC9501142572AC00E277EA /* SBJsonParser.m in Sources */,
				9CBC9502142572AC00E277EA /* SBJsonStreamParser.m in Sources */,
				9CBC9503142572AC00E277EA /* SBJsonStreamParserAccumulator.m in Sources */,
				9CBC9504142572AC00E277EA /* SBJsonStreamParserAdapter.m in Sources */,
				9CBC9505142572AC00E277EA /* SBJsonStreamParserState.m in Sources */,
				9CBC9506142572AC00E277EA /* SBJsonStreamWriter.m in Sources */,
				9CBC9507142572AC00E277EA /* SBJsonStreamWriterAccumulator.m in Sources */,
				9CBC9508142572AC00E277EA /* SBJsonStreamWriterState.m in Sources */,
				9CBC9509142572AC00E277EA /* SBJsonTokeniser.m in Sources */,
				9CBC950A142572AC00E277EA /* SBJsonUTF8Stream.m in Sources */,
				9CBC950B142572AC00E277EA /* SBJsonWriter.m in Sources */,
				9CBC950F1425797300E277EA /* HelperFunctions.m in Sources */,
				9CBC952B1425A8E200E277EA /* VenuesGetter.m in Sources */,
				9CBC952E1425B69B00E277EA /* Venue.m in Sources */,
				9CBC95311425B93400E277EA /* SpotifySearchViewController.m in Sources */,
				9CBC95341425BA1900E277EA /* SpotifyAPIWrapper.m in Sources */,
				9CBC95441425C6DD00E277EA /* Song.m in Sources */,
				9C6698011425FE5E008DFE73 /* SendSongRequest.m in Sources */,
				9C66980414260DF1008DFE73 /* DigiDjDesignViewController.m in Sources */,
			);
			runOnlyForDeploymentPostprocessing = 0;
		};
		9C1BB23014252C3100025237 /* Sources */ = {
			isa = PBXSourcesBuildPhase;
			buildActionMask = 2147483647;
			files = (
				9C1BB24414252C3100025237 /* DigiDJTests.m in Sources */,
			);
			runOnlyForDeploymentPostprocessing = 0;
		};
/* End PBXSourcesBuildPhase section */

/* Begin PBXTargetDependency section */
		9C1BB23B14252C3100025237 /* PBXTargetDependency */ = {
			isa = PBXTargetDependency;
			target = 9C1BB21514252C3100025237 /* DigiDJ */;
			targetProxy = 9C1BB23A14252C3100025237 /* PBXContainerItemProxy */;
		};
		9CBC952314257C0700E277EA /* PBXTargetDependency */ = {
			isa = PBXTargetDependency;
			name = Venmo;
			targetProxy = 9CBC952214257C0700E277EA /* PBXContainerItemProxy */;
		};
/* End PBXTargetDependency section */

/* Begin PBXVariantGroup section */
		9C1BB22114252C3100025237 /* InfoPlist.strings */ = {
			isa = PBXVariantGroup;
			children = (
				9C1BB22214252C3100025237 /* en */,
			);
			name = InfoPlist.strings;
			sourceTree = "<group>";
		};
		9C1BB23F14252C3100025237 /* InfoPlist.strings */ = {
			isa = PBXVariantGroup;
			children = (
				9C1BB24014252C3100025237 /* en */,
			);
			name = InfoPlist.strings;
			sourceTree = "<group>";
		};
/* End PBXVariantGroup section */

/* Begin XCBuildConfiguration section */
		9C1BB24514252C3100025237 /* Debug */ = {
			isa = XCBuildConfiguration;
			buildSettings = {
				ALWAYS_SEARCH_USER_PATHS = NO;
				ARCHS = "$(ARCHS_STANDARD_32_BIT)";
				CLANG_ENABLE_OBJC_ARC = YES;
				"CODE_SIGN_IDENTITY[sdk=iphoneos*]" = "iPhone Developer";
				COPY_PHASE_STRIP = NO;
				GCC_C_LANGUAGE_STANDARD = gnu99;
				GCC_DYNAMIC_NO_PIC = NO;
				GCC_OPTIMIZATION_LEVEL = 0;
				GCC_PREPROCESSOR_DEFINITIONS = (
					"DEBUG=1",
					"$(inherited)",
				);
				GCC_SYMBOLS_PRIVATE_EXTERN = NO;
				GCC_VERSION = com.apple.compilers.llvm.clang.1_0;
				GCC_WARN_ABOUT_MISSING_PROTOTYPES = YES;
				GCC_WARN_ABOUT_RETURN_TYPE = YES;
				GCC_WARN_UNUSED_VARIABLE = YES;
				IPHONEOS_DEPLOYMENT_TARGET = 5.0;
				SDKROOT = iphoneos;
			};
			name = Debug;
		};
		9C1BB24614252C3100025237 /* Release */ = {
			isa = XCBuildConfiguration;
			buildSettings = {
				ALWAYS_SEARCH_USER_PATHS = NO;
				ARCHS = "$(ARCHS_STANDARD_32_BIT)";
				CLANG_ENABLE_OBJC_ARC = YES;
				"CODE_SIGN_IDENTITY[sdk=iphoneos*]" = "iPhone Developer";
				COPY_PHASE_STRIP = YES;
				GCC_C_LANGUAGE_STANDARD = gnu99;
				GCC_VERSION = com.apple.compilers.llvm.clang.1_0;
				GCC_WARN_ABOUT_MISSING_PROTOTYPES = YES;
				GCC_WARN_ABOUT_RETURN_TYPE = YES;
				GCC_WARN_UNUSED_VARIABLE = YES;
				IPHONEOS_DEPLOYMENT_TARGET = 5.0;
				OTHER_CFLAGS = "-DNS_BLOCK_ASSERTIONS=1";
				SDKROOT = iphoneos;
				VALIDATE_PRODUCT = YES;
			};
			name = Release;
		};
		9C1BB24814252C3100025237 /* Debug */ = {
			isa = XCBuildConfiguration;
			buildSettings = {
				GCC_PRECOMPILE_PREFIX_HEADER = YES;
				GCC_PREFIX_HEADER = "DigiDJ/DigiDJ-Prefix.pch";
				HEADER_SEARCH_PATHS = Libraries/Venmo;
				INFOPLIST_FILE = "DigiDJ/DigiDJ-Info.plist";
				IPHONEOS_DEPLOYMENT_TARGET = 4.3;
				LIBRARY_SEARCH_PATHS = Libraries/Venmo;
				OTHER_LDFLAGS = (
					"-ObjC",
					"-force_load",
					"${BUILT_PRODUCTS_DIR}/libVenmo.a",
				);
				PRODUCT_NAME = "$(TARGET_NAME)";
				WRAPPER_EXTENSION = app;
			};
			name = Debug;
		};
		9C1BB24914252C3100025237 /* Release */ = {
			isa = XCBuildConfiguration;
			buildSettings = {
				GCC_PRECOMPILE_PREFIX_HEADER = YES;
				GCC_PREFIX_HEADER = "DigiDJ/DigiDJ-Prefix.pch";
				HEADER_SEARCH_PATHS = Libraries/Venmo;
				INFOPLIST_FILE = "DigiDJ/DigiDJ-Info.plist";
				IPHONEOS_DEPLOYMENT_TARGET = 4.3;
				LIBRARY_SEARCH_PATHS = Libraries/Venmo;
				OTHER_LDFLAGS = (
					"-ObjC",
					"-force_load",
					"${BUILT_PRODUCTS_DIR}/libVenmo.a",
				);
				PRODUCT_NAME = "$(TARGET_NAME)";
				WRAPPER_EXTENSION = app;
			};
			name = Release;
		};
		9C1BB24B14252C3100025237 /* Debug */ = {
			isa = XCBuildConfiguration;
			buildSettings = {
				BUNDLE_LOADER = "$(BUILT_PRODUCTS_DIR)/DigiDJ.app/DigiDJ";
				FRAMEWORK_SEARCH_PATHS = (
					"$(SDKROOT)/Developer/Library/Frameworks",
					"$(DEVELOPER_LIBRARY_DIR)/Frameworks",
				);
				GCC_PRECOMPILE_PREFIX_HEADER = YES;
				GCC_PREFIX_HEADER = "DigiDJ/DigiDJ-Prefix.pch";
				INFOPLIST_FILE = "DigiDJTests/DigiDJTests-Info.plist";
				PRODUCT_NAME = "$(TARGET_NAME)";
				TEST_HOST = "$(BUNDLE_LOADER)";
				WRAPPER_EXTENSION = octest;
			};
			name = Debug;
		};
		9C1BB24C14252C3100025237 /* Release */ = {
			isa = XCBuildConfiguration;
			buildSettings = {
				BUNDLE_LOADER = "$(BUILT_PRODUCTS_DIR)/DigiDJ.app/DigiDJ";
				FRAMEWORK_SEARCH_PATHS = (
					"$(SDKROOT)/Developer/Library/Frameworks",
					"$(DEVELOPER_LIBRARY_DIR)/Frameworks",
				);
				GCC_PRECOMPILE_PREFIX_HEADER = YES;
				GCC_PREFIX_HEADER = "DigiDJ/DigiDJ-Prefix.pch";
				INFOPLIST_FILE = "DigiDJTests/DigiDJTests-Info.plist";
				PRODUCT_NAME = "$(TARGET_NAME)";
				TEST_HOST = "$(BUNDLE_LOADER)";
				WRAPPER_EXTENSION = octest;
			};
			name = Release;
		};
/* End XCBuildConfiguration section */

/* Begin XCConfigurationList section */
		9C1BB21014252C3100025237 /* Build configuration list for PBXProject "DigiDJ" */ = {
			isa = XCConfigurationList;
			buildConfigurations = (
				9C1BB24514252C3100025237 /* Debug */,
				9C1BB24614252C3100025237 /* Release */,
			);
			defaultConfigurationIsVisible = 0;
			defaultConfigurationName = Release;
		};
		9C1BB24714252C3100025237 /* Build configuration list for PBXNativeTarget "DigiDJ" */ = {
			isa = XCConfigurationList;
			buildConfigurations = (
				9C1BB24814252C3100025237 /* Debug */,
				9C1BB24914252C3100025237 /* Release */,
			);
			defaultConfigurationIsVisible = 0;
			defaultConfigurationName = Release;
		};
		9C1BB24A14252C3100025237 /* Build configuration list for PBXNativeTarget "DigiDJTests" */ = {
			isa = XCConfigurationList;
			buildConfigurations = (
				9C1BB24B14252C3100025237 /* Debug */,
				9C1BB24C14252C3100025237 /* Release */,
			);
			defaultConfigurationIsVisible = 0;
			defaultConfigurationName = Release;
		};
/* End XCConfigurationList section */
	};
	rootObject = 9C1BB20D14252C3100025237 /* Project object */;
}
